// !$*UTF8*$!
{
	archiveVersion = 1;
	classes = {
	};
	objectVersion = 46;
	objects = {

/* Begin PBXBuildFile section */
		C2CFD29A1B19E9AE004260D4 /* main.m in Sources */ = {isa = PBXBuildFile; fileRef = C2CFD2991B19E9AE004260D4 /* main.m */; };
		C2CFD29D1B19E9AE004260D4 /* AppDelegate.m in Sources */ = {isa = PBXBuildFile; fileRef = C2CFD29C1B19E9AE004260D4 /* AppDelegate.m */; };
		C2CFD2A01B19E9AE004260D4 /* ViewController.m in Sources */ = {isa = PBXBuildFile; fileRef = C2CFD29F1B19E9AE004260D4 /* ViewController.m */; };
		C2CFD2A31B19E9AE004260D4 /* Main.storyboard in Resources */ = {isa = PBXBuildFile; fileRef = C2CFD2A11B19E9AE004260D4 /* Main.storyboard */; };
		C2CFD2A51B19E9AE004260D4 /* Images.xcassets in Resources */ = {isa = PBXBuildFile; fileRef = C2CFD2A41B19E9AE004260D4 /* Images.xcassets */; };
		C2CFD2A81B19E9AE004260D4 /* LaunchScreen.xib in Resources */ = {isa = PBXBuildFile; fileRef = C2CFD2A61B19E9AE004260D4 /* LaunchScreen.xib */; };
		C2CFD2B41B19E9AE004260D4 /* __CoreLocation__Tests.m in Sources */ = {isa = PBXBuildFile; fileRef = C2CFD2B31B19E9AE004260D4 /* __CoreLocation__Tests.m */; };
/* End PBXBuildFile section */

/* Begin PBXContainerItemProxy section */
		C2CFD2AE1B19E9AE004260D4 /* PBXContainerItemProxy */ = {
			isa = PBXContainerItemProxy;
			containerPortal = C2CFD28C1B19E9AE004260D4 /* Project object */;
			proxyType = 1;
			remoteGlobalIDString = C2CFD2931B19E9AE004260D4;
			remoteInfo = "1-CoreLocation定位";
		};
/* End PBXContainerItemProxy section */

/* Begin PBXFileReference section */
		C2CFD2941B19E9AE004260D4 /* 1-CoreLocation定位.app */ = {isa = PBXFileReference; explicitFileType = wrapper.application; includeInIndex = 0; path = "1-CoreLocation定位.app"; sourceTree = BUILT_PRODUCTS_DIR; };
		C2CFD2981B19E9AE004260D4 /* Info.plist */ = {isa = PBXFileReference; lastKnownFileType = text.plist.xml; path = Info.plist; sourceTree = "<group>"; };
		C2CFD2991B19E9AE004260D4 /* main.m */ = {isa = PBXFileReference; lastKnownFileType = sourcecode.c.objc; path = main.m; sourceTree = "<group>"; };
		C2CFD29B1B19E9AE004260D4 /* AppDelegate.h */ = {isa = PBXFileReference; lastKnownFileType = sourcecode.c.h; path = AppDelegate.h; sourceTree = "<group>"; };
		C2CFD29C1B19E9AE004260D4 /* AppDelegate.m */ = {isa = PBXFileReference; lastKnownFileType = sourcecode.c.objc; path = AppDelegate.m; sourceTree = "<group>"; };
		C2CFD29E1B19E9AE004260D4 /* ViewController.h */ = {isa = PBXFileReference; lastKnownFileType = sourcecode.c.h; path = ViewController.h; sourceTree = "<group>"; };
		C2CFD29F1B19E9AE004260D4 /* ViewController.m */ = {isa = PBXFileReference; lastKnownFileType = sourcecode.c.objc; path = ViewController.m; sourceTree = "<group>"; };
		C2CFD2A21B19E9AE004260D4 /* Base */ = {isa = PBXFileReference; lastKnownFileType = file.storyboard; name = Base; path = Base.lproj/Main.storyboard; sourceTree = "<group>"; };
		C2CFD2A41B19E9AE004260D4 /* Images.xcassets */ = {isa = PBXFileReference; lastKnownFileType = folder.assetcatalog; path = Images.xcassets; sourceTree = "<group>"; };
		C2CFD2A71B19E9AE004260D4 /* Base */ = {isa = PBXFileReference; lastKnownFileType = file.xib; name = Base; path = Base.lproj/LaunchScreen.xib; sourceTree = "<group>"; };
		C2CFD2AD1B19E9AE004260D4 /* 1-CoreLocation定位Tests.xctest */ = {isa = PBXFileReference; explicitFileType = wrapper.cfbundle; includeInIndex = 0; path = "1-CoreLocation定位Tests.xctest"; sourceTree = BUILT_PRODUCTS_DIR; };
		C2CFD2B21B19E9AE004260D4 /* Info.plist */ = {isa = PBXFileReference; lastKnownFileType = text.plist.xml; path = Info.plist; sourceTree = "<group>"; };
		C2CFD2B31B19E9AE004260D4 /* __CoreLocation__Tests.m */ = {isa = PBXFileReference; lastKnownFileType = sourcecode.c.objc; path = __CoreLocation__Tests.m; sourceTree = "<group>"; };
/* End PBXFileReference section */

/* Begin PBXFrameworksBuildPhase section */
		C2CFD2911B19E9AE004260D4 /* Frameworks */ = {
			isa = PBXFrameworksBuildPhase;
			buildActionMask = 2147483647;
			files = (
			);
			runOnlyForDeploymentPostprocessing = 0;
		};
		C2CFD2AA1B19E9AE004260D4 /* Frameworks */ = {
			isa = PBXFrameworksBuildPhase;
			buildActionMask = 2147483647;
			files = (
			);
			runOnlyForDeploymentPostprocessing = 0;
		};
/* End PBXFrameworksBuildPhase section */

/* Begin PBXGroup section */
		C2CFD28B1B19E9AE004260D4 = {
			isa = PBXGroup;
			children = (
				C2CFD2961B19E9AE004260D4 /* 1-CoreLocation定位 */,
				C2CFD2B01B19E9AE004260D4 /* 1-CoreLocation定位Tests */,
				C2CFD2951B19E9AE004260D4 /* Products */,
			);
			sourceTree = "<group>";
		};
		C2CFD2951B19E9AE004260D4 /* Products */ = {
			isa = PBXGroup;
			children = (
				C2CFD2941B19E9AE004260D4 /* 1-CoreLocation定位.app */,
				C2CFD2AD1B19E9AE004260D4 /* 1-CoreLocation定位Tests.xctest */,
			);
			name = Products;
			sourceTree = "<group>";
		};
		C2CFD2961B19E9AE004260D4 /* 1-CoreLocation定位 */ = {
			isa = PBXGroup;
			children = (
				C2CFD29B1B19E9AE004260D4 /* AppDelegate.h */,
				C2CFD29C1B19E9AE004260D4 /* AppDelegate.m */,
				C2CFD29E1B19E9AE004260D4 /* ViewController.h */,
				C2CFD29F1B19E9AE004260D4 /* ViewController.m */,
				C2CFD2A11B19E9AE004260D4 /* Main.storyboard */,
				C2CFD2A41B19E9AE004260D4 /* Images.xcassets */,
				C2CFD2A61B19E9AE004260D4 /* LaunchScreen.xib */,
				C2CFD2971B19E9AE004260D4 /* Supporting Files */,
			);
			path = "1-CoreLocation定位";
			sourceTree = "<group>";
		};
		C2CFD2971B19E9AE004260D4 /* Supporting Files */ = {
			isa = PBXGroup;
			children = (
				C2CFD2981B19E9AE004260D4 /* Info.plist */,
				C2CFD2991B19E9AE004260D4 /* main.m */,
			);
			name = "Supporting Files";
			sourceTree = "<group>";
		};
		C2CFD2B01B19E9AE004260D4 /* 1-CoreLocation定位Tests */ = {
			isa = PBXGroup;
			children = (
				C2CFD2B31B19E9AE004260D4 /* __CoreLocation__Tests.m */,
				C2CFD2B11B19E9AE004260D4 /* Supporting Files */,
			);
			path = "1-CoreLocation定位Tests";
			sourceTree = "<group>";
		};
		C2CFD2B11B19E9AE004260D4 /* Supporting Files */ = {
			isa = PBXGroup;
			children = (
				C2CFD2B21B19E9AE004260D4 /* Info.plist */,
			);
			name = "Supporting Files";
			sourceTree = "<group>";
		};
/* End PBXGroup section */

/* Begin PBXNativeTarget section */
		C2CFD2931B19E9AE004260D4 /* 1-CoreLocation定位 */ = {
			isa = PBXNativeTarget;
			buildConfigurationList = C2CFD2B71B19E9AE004260D4 /* Build configuration list for PBXNativeTarget "1-CoreLocation定位" */;
			buildPhases = (
				C2CFD2901B19E9AE004260D4 /* Sources */,
				C2CFD2911B19E9AE004260D4 /* Frameworks */,
				C2CFD2921B19E9AE004260D4 /* Resources */,
			);
			buildRules = (
			);
			dependencies = (
			);
			name = "1-CoreLocation定位";
			productName = "1-CoreLocation定位";
			productReference = C2CFD2941B19E9AE004260D4 /* 1-CoreLocation定位.app */;
			productType = "com.apple.product-type.application";
		};
		C2CFD2AC1B19E9AE004260D4 /* 1-CoreLocation定位Tests */ = {
			isa = PBXNativeTarget;
			buildConfigurationList = C2CFD2BA1B19E9AE004260D4 /* Build configuration list for PBXNativeTarget "1-CoreLocation定位Tests" */;
			buildPhases = (
				C2CFD2A91B19E9AE004260D4 /* Sources */,
				C2CFD2AA1B19E9AE004260D4 /* Frameworks */,
				C2CFD2AB1B19E9AE004260D4 /* Resources */,
			);
			buildRules = (
			);
			dependencies = (
				C2CFD2AF1B19E9AE004260D4 /* PBXTargetDependency */,
			);
			name = "1-CoreLocation定位Tests";
			productName = "1-CoreLocation定位Tests";
			productReference = C2CFD2AD1B19E9AE004260D4 /* 1-CoreLocation定位Tests.xctest */;
			productType = "com.apple.product-type.bundle.unit-test";
		};
/* End PBXNativeTarget section */

/* Begin PBXProject section */
		C2CFD28C1B19E9AE004260D4 /* Project object */ = {
			isa = PBXProject;
			attributes = {
				LastUpgradeCheck = 0600;
				ORGANIZATIONNAME = "蓝鸥科技";
				TargetAttributes = {
					C2CFD2931B19E9AE004260D4 = {
						CreatedOnToolsVersion = 6.0.1;
					};
					C2CFD2AC1B19E9AE004260D4 = {
						CreatedOnToolsVersion = 6.0.1;
						TestTargetID = C2CFD2931B19E9AE004260D4;
					};
				};
			};
			buildConfigurationList = C2CFD28F1B19E9AE004260D4 /* Build configuration list for PBXProject "1-CoreLocation定位" */;
			compatibilityVersion = "Xcode 3.2";
			developmentRegion = English;
			hasScannedForEncodings = 0;
			knownRegions = (
				en,
				Base,
			);
			mainGroup = C2CFD28B1B19E9AE004260D4;
			productRefGroup = C2CFD2951B19E9AE004260D4 /* Products */;
			projectDirPath = "";
			projectRoot = "";
			targets = (
				C2CFD2931B19E9AE004260D4 /* 1-CoreLocation定位 */,
				C2CFD2AC1B19E9AE004260D4 /* 1-CoreLocation定位Tests */,
			);
		};
/* End PBXProject section */

/* Begin PBXResourcesBuildPhase section */
		C2CFD2921B19E9AE004260D4 /* Resources */ = {
			isa = PBXResourcesBuildPhase;
			buildActionMask = 2147483647;
			files = (
				C2CFD2A31B19E9AE004260D4 /* Main.storyboard in Resources */,
				C2CFD2A81B19E9AE004260D4 /* LaunchScreen.xib in Resources */,
				C2CFD2A51B19E9AE004260D4 /* Images.xcassets in Resources */,
			);
			runOnlyForDeploymentPostprocessing = 0;
		};
		C2CFD2AB1B19E9AE004260D4 /* Resources */ = {
			isa = PBXResourcesBuildPhase;
			buildActionMask = 2147483647;
			files = (
			);
			runOnlyForDeploymentPostprocessing = 0;
		};
/* End PBXResourcesBuildPhase section */

/* Begin PBXSourcesBuildPhase section */
		C2CFD2901B19E9AE004260D4 /* Sources */ = {
			isa = PBXSourcesBuildPhase;
			buildActionMask = 2147483647;
			files = (
				C2CFD2A01B19E9AE004260D4 /* ViewController.m in Sources */,
				C2CFD29D1B19E9AE004260D4 /* AppDelegate.m in Sources */,
				C2CFD29A1B19E9AE004260D4 /* main.m in Sources */,
			);
			runOnlyForDeploymentPostprocessing = 0;
		};
		C2CFD2A91B19E9AE004260D4 /* Sources */ = {
			isa = PBXSourcesBuildPhase;
			buildActionMask = 2147483647;
			files = (
				C2CFD2B41B19E9AE004260D4 /* __CoreLocation__Tests.m in Sources */,
			);
			runOnlyForDeploymentPostprocessing = 0;
		};
/* End PBXSourcesBuildPhase section */

/* Begin PBXTargetDependency section */
		C2CFD2AF1B19E9AE004260D4 /* PBXTargetDependency */ = {
			isa = PBXTargetDependency;
			target = C2CFD2931B19E9AE004260D4 /* 1-CoreLocation定位 */;
			targetProxy = C2CFD2AE1B19E9AE004260D4 /* PBXContainerItemProxy */;
		};
/* End PBXTargetDependency section */

/* Begin PBXVariantGroup section */
		C2CFD2A11B19E9AE004260D4 /* Main.storyboard */ = {
			isa = PBXVariantGroup;
			children = (
				C2CFD2A21B19E9AE004260D4 /* Base */,
			);
			name = Main.storyboard;
			sourceTree = "<group>";
		};
		C2CFD2A61B19E9AE004260D4 /* LaunchScreen.xib */ = {
			isa = PBXVariantGroup;
			children = (
				C2CFD2A71B19E9AE004260D4 /* Base */,
			);
			name = LaunchScreen.xib;
			sourceTree = "<group>";
		};
/* End PBXVariantGroup section */

/* Begin XCBuildConfiguration section */
		C2CFD2B51B19E9AE004260D4 /* Debug */ = {
			isa = XCBuildConfiguration;
			buildSettings = {
				ALWAYS_SEARCH_USER_PATHS = NO;
				CLANG_CXX_LANGUAGE_STANDARD = "gnu++0x";
				CLANG_CXX_LIBRARY = "libc++";
				CLANG_ENABLE_MODULES = YES;
				CLANG_ENABLE_OBJC_ARC = YES;
				CLANG_WARN_BOOL_CONVERSION = YES;
				CLANG_WARN_CONSTANT_CONVERSION = YES;
				CLANG_WARN_DIRECT_OBJC_ISA_USAGE = YES_ERROR;
				CLANG_WARN_EMPTY_BODY = YES;
				CLANG_WARN_ENUM_CONVERSION = YES;
				CLANG_WARN_INT_CONVERSION = YES;
				CLANG_WARN_OBJC_ROOT_CLASS = YES_ERROR;
				CLANG_WARN_UNREACHABLE_CODE = YES;
				CLANG_WARN__DUPLICATE_METHOD_MATCH = YES;
				"CODE_SIGN_IDENTITY[sdk=iphoneos*]" = "iPhone Developer";
				COPY_PHASE_STRIP = NO;
				ENABLE_STRICT_OBJC_MSGSEND = YES;
				GCC_C_LANGUAGE_STANDARD = gnu99;
				GCC_DYNAMIC_NO_PIC = NO;
				GCC_OPTIMIZATION_LEVEL = 0;
				GCC_PREPROCESSOR_DEFINITIONS = (
					"DEBUG=1",
					"$(inherited)",
				);
				GCC_SYMBOLS_PRIVATE_EXTERN = NO;
				GCC_WARN_64_TO_32_BIT_CONVERSION = YES;
				GCC_WARN_ABOUT_RETURN_TYPE = YES_ERROR;
				GCC_WARN_UNDECLARED_SELECTOR = YES;
				GCC_WARN_UNINITIALIZED_AUTOS = YES_AGGRESSIVE;
				GCC_WARN_UNUSED_FUNCTION = YES;
				GCC_WARN_UNUSED_VARIABLE = YES;
				IPHONEOS_DEPLOYMENT_TARGET = 8.0;
				MTL_ENABLE_DEBUG_INFO = YES;
				ONLY_ACTIVE_ARCH = YES;
				SDKROOT = iphoneos;
				TARGETED_DEVICE_FAMILY = "1,2";
			};
			name = Debug;
		};
		C2CFD2B61B19E9AE004260D4 /* Release */ = {
			isa = XCBuildConfiguration;
			buildSettings = {
				ALWAYS_SEARCH_USER_PATHS = NO;
				CLANG_CXX_LANGUAGE_STANDARD = "gnu++0x";
				CLANG_CXX_LIBRARY = "libc++";
				CLANG_ENABLE_MODULES = YES;
				CLANG_ENABLE_OBJC_ARC = YES;
				CLANG_WARN_BOOL_CONVERSION = YES;
				CLANG_WARN_CONSTANT_CONVERSION = YES;
				CLANG_WARN_DIRECT_OBJC_ISA_USAGE = YES_ERROR;
				CLANG_WARN_EMPTY_BODY = YES;
				CLANG_WARN_ENUM_CONVERSION = YES;
				CLANG_WARN_INT_CONVERSION = YES;
				CLANG_WARN_OBJC_ROOT_CLASS = YES_ERROR;
				CLANG_WARN_UNREACHABLE_CODE = YES;
				CLANG_WARN__DUPLICATE_METHOD_MATCH = YES;
				"CODE_SIGN_IDENTITY[sdk=iphoneos*]" = "iPhone Developer";
				COPY_PHASE_STRIP = YES;
				ENABLE_NS_ASSERTIONS = NO;
				ENABLE_STRICT_OBJC_MSGSEND = YES;
				GCC_C_LANGUAGE_STANDARD = gnu99;
				GCC_WARN_64_TO_32_BIT_CONVERSION = YES;
				GCC_WARN_ABOUT_RETURN_TYPE = YES_ERROR;
				GCC_WARN_UNDECLARED_SELECTOR = YES;
				GCC_WARN_UNINITIALIZED_AUTOS = YES_AGGRESSIVE;
				GCC_WARN_UNUSED_FUNCTION = YES;
				GCC_WARN_UNUSED_VARIABLE = YES;
				IPHONEOS_DEPLOYMENT_TARGET = 8.0;
				MTL_ENABLE_DEBUG_INFO = NO;
				SDKROOT = iphoneos;
				TARGETED_DEVICE_FAMILY = "1,2";
				VALIDATE_PRODUCT = YES;
			};
			name = Release;
		};
		C2CFD2B81B19E9AE004260D4 /* Debug */ = {
			isa = XCBuildConfiguration;
			buildSettings = {
				ASSETCATALOG_COMPILER_APPICON_NAME = AppIcon;
				INFOPLIST_FILE = "1-CoreLocation定位/Info.plist";
				LD_RUNPATH_SEARCH_PATHS = "$(inherited) @executable_path/Frameworks";
				PRODUCT_NAME = "$(TARGET_NAME)";
			};
			name = Debug;
		};
		C2CFD2B91B19E9AE004260D4 /* Release */ = {
			isa = XCBuildConfiguration;
			buildSettings = {
				ASSETCATALOG_COMPILER_APPICON_NAME = AppIcon;
				INFOPLIST_FILE = "1-CoreLocation定位/Info.plist";
				LD_RUNPATH_SEARCH_PATHS = "$(inherited) @executable_path/Frameworks";
				PRODUCT_NAME = "$(TARGET_NAME)";
			};
			name = Release;
		};
		C2CFD2BB1B19E9AE004260D4 /* Debug */ = {
			isa = XCBuildConfiguration;
			buildSettings = {
				BUNDLE_LOADER = "$(TEST_HOST)";
				FRAMEWORK_SEARCH_PATHS = (
					"$(SDKROOT)/Developer/Library/Frameworks",
					"$(inherited)",
				);
				GCC_PREPROCESSOR_DEFINITIONS = (
					"DEBUG=1",
					"$(inherited)",
				);
				INFOPLIST_FILE = "1-CoreLocation定位Tests/Info.plist";
				LD_RUNPATH_SEARCH_PATHS = "$(inherited) @executable_path/Frameworks @loader_path/Frameworks";
				PRODUCT_NAME = "$(TARGET_NAME)";
				TEST_HOST = "$(BUILT_PRODUCTS_DIR)/1-CoreLocation定位.app/1-CoreLocation定位";
			};
			name = Debug;
		};
		C2CFD2BC1B19E9AE004260D4 /* Release */ = {
			isa = XCBuildConfiguration;
			buildSettings = {
				BUNDLE_LOADER = "$(TEST_HOST)";
				FRAMEWORK_SEARCH_PATHS = (
					"$(SDKROOT)/Developer/Library/Frameworks",
					"$(inherited)",
				);
				INFOPLIST_FILE = "1-CoreLocation定位Tests/Info.plist";
				LD_RUNPATH_SEARCH_PATHS = "$(inherited) @executable_path/Frameworks @loader_path/Frameworks";
				PRODUCT_NAME = "$(TARGET_NAME)";
				TEST_HOST = "$(BUILT_PRODUCTS_DIR)/1-CoreLocation定位.app/1-CoreLocation定位";
			};
			name = Release;
		};
/* End XCBuildConfiguration section */

/* Begin XCConfigurationList section */
		C2CFD28F1B19E9AE004260D4 /* Build configuration list for PBXProject "1-CoreLocation定位" */ = {
			isa = XCConfigurationList;
			buildConfigurations = (
				C2CFD2B51B19E9AE004260D4 /* Debug */,
				C2CFD2B61B19E9AE004260D4 /* Release */,
			);
			defaultConfigurationIsVisible = 0;
			defaultConfigurationName = Release;
		};
		C2CFD2B71B19E9AE004260D4 /* Build configuration list for PBXNativeTarget "1-CoreLocation定位" */ = {
			isa = XCConfigurationList;
			buildConfigurations = (
				C2CFD2B81B19E9AE004260D4 /* Debug */,
				C2CFD2B91B19E9AE004260D4 /* Release */,
			);
			defaultConfigurationIsVisible = 0;
		};
		C2CFD2BA1B19E9AE004260D4 /* Build configuration list for PBXNativeTarget "1-CoreLocation定位Tests" */ = {
			isa = XCConfigurationList;
			buildConfigurations = (
				C2CFD2BB1B19E9AE004260D4 /* Debug */,
				C2CFD2BC1B19E9AE004260D4 /* Release */,
			);
			defaultConfigurationIsVisible = 0;
		};
/* End XCConfigurationList section */
	};
	rootObject = C2CFD28C1B19E9AE004260D4 /* Project object */;
}
